// !$*UTF8*$!
{
	archiveVersion = 1;
	classes = {
	};
	objectVersion = 46;
	objects = {

/* Begin PBXBuildFile section */
		44899B9E1A9CEE8F00A10F75 /* AppDelegate.swift in Sources */ = {isa = PBXBuildFile; fileRef = 44899B9D1A9CEE8F00A10F75 /* AppDelegate.swift */; };
		44899BA01A9CEE8F00A10F75 /* ViewController.swift in Sources */ = {isa = PBXBuildFile; fileRef = 44899B9F1A9CEE8F00A10F75 /* ViewController.swift */; };
		44899BA31A9CEE8F00A10F75 /* Main.storyboard in Resources */ = {isa = PBXBuildFile; fileRef = 44899BA11A9CEE8F00A10F75 /* Main.storyboard */; };
		44899BA51A9CEE8F00A10F75 /* Images.xcassets in Resources */ = {isa = PBXBuildFile; fileRef = 44899BA41A9CEE8F00A10F75 /* Images.xcassets */; };
		44899BA81A9CEE8F00A10F75 /* LaunchScreen.xib in Resources */ = {isa = PBXBuildFile; fileRef = 44899BA61A9CEE8F00A10F75 /* LaunchScreen.xib */; };
		44899BB41A9CEE9000A10F75 /* cookToDoTests.swift in Sources */ = {isa = PBXBuildFile; fileRef = 44899BB31A9CEE9000A10F75 /* cookToDoTests.swift */; };
		44899BBE1A9CEFF300A10F75 /* ingredientsTableViewController.swift in Sources */ = {isa = PBXBuildFile; fileRef = 44899BBD1A9CEFF300A10F75 /* ingredientsTableViewController.swift */; };
		44899BC61A9CF28D00A10F75 /* SwiftData.swift in Sources */ = {isa = PBXBuildFile; fileRef = 44899BC41A9CF28D00A10F75 /* SwiftData.swift */; };
		44899BCB1A9CF29D00A10F75 /* HTMLDocument.swift in Sources */ = {isa = PBXBuildFile; fileRef = 44899BC81A9CF29D00A10F75 /* HTMLDocument.swift */; };
		44899BCC1A9CF29D00A10F75 /* HTMLNode.swift in Sources */ = {isa = PBXBuildFile; fileRef = 44899BC91A9CF29D00A10F75 /* HTMLNode.swift */; };
		44899BCD1A9CF29D00A10F75 /* HTMLNode+XPath.swift in Sources */ = {isa = PBXBuildFile; fileRef = 44899BCA1A9CF29D00A10F75 /* HTMLNode+XPath.swift */; };
		44899BCF1A9CF2BE00A10F75 /* libsqlite3.dylib in Frameworks */ = {isa = PBXBuildFile; fileRef = 44899BCE1A9CF2BE00A10F75 /* libsqlite3.dylib */; };
		44899BD11A9CF2C400A10F75 /* libxml2.dylib in Frameworks */ = {isa = PBXBuildFile; fileRef = 44899BD01A9CF2C400A10F75 /* libxml2.dylib */; };
		44899BD41A9CF4CD00A10F75 /* Ingredient.swift in Sources */ = {isa = PBXBuildFile; fileRef = 44899BD31A9CF4CD00A10F75 /* Ingredient.swift */; };
		44899BD81A9CF5B900A10F75 /* IngredientModel.swift in Sources */ = {isa = PBXBuildFile; fileRef = 44899BD71A9CF5B900A10F75 /* IngredientModel.swift */; };
		44BC539E1A9DBC7E00221195 /* ShareViewController.swift in Sources */ = {isa = PBXBuildFile; fileRef = 44BC539D1A9DBC7E00221195 /* ShareViewController.swift */; };
		44BC53A01A9DBC7E00221195 /* MainInterface.storyboard in Resources */ = {isa = PBXBuildFile; fileRef = 44BC539F1A9DBC7E00221195 /* MainInterface.storyboard */; };
		44BC53A31A9DBC7E00221195 /* importIngredient.appex in Embed App Extensions */ = {isa = PBXBuildFile; fileRef = 44BC53991A9DBC7E00221195 /* importIngredient.appex */; settings = {ATTRIBUTES = (RemoveHeadersOnCopy, ); }; };
/* End PBXBuildFile section */

/* Begin PBXContainerItemProxy section */
		44899BAE1A9CEE8F00A10F75 /* PBXContainerItemProxy */ = {
			isa = PBXContainerItemProxy;
			containerPortal = 44899B901A9CEE8F00A10F75 /* Project object */;
			proxyType = 1;
			remoteGlobalIDString = 44899B971A9CEE8F00A10F75;
			remoteInfo = cookToDo;
		};
		44BC53A11A9DBC7E00221195 /* PBXContainerItemProxy */ = {
			isa = PBXContainerItemProxy;
			containerPortal = 44899B901A9CEE8F00A10F75 /* Project object */;
			proxyType = 1;
			remoteGlobalIDString = 44BC53981A9DBC7E00221195;
			remoteInfo = importIngredient;
		};
/* End PBXContainerItemProxy section */

/* Begin PBXCopyFilesBuildPhase section */
		44BC53941A9DB4DE00221195 /* Embed App Extensions */ = {
			isa = PBXCopyFilesBuildPhase;
			buildActionMask = 2147483647;
			dstPath = "";
			dstSubfolderSpec = 13;
			files = (
				44BC53A31A9DBC7E00221195 /* importIngredient.appex in Embed App Extensions */,
			);
			name = "Embed App Extensions";
			runOnlyForDeploymentPostprocessing = 0;
		};
/* End PBXCopyFilesBuildPhase section */

/* Begin PBXFileReference section */
		44899B981A9CEE8F00A10F75 /* cookToDo.app */ = {isa = PBXFileReference; explicitFileType = wrapper.application; includeInIndex = 0; path = cookToDo.app; sourceTree = BUILT_PRODUCTS_DIR; };
		44899B9C1A9CEE8F00A10F75 /* Info.plist */ = {isa = PBXFileReference; lastKnownFileType = text.plist.xml; path = Info.plist; sourceTree = "<group>"; };
		44899B9D1A9CEE8F00A10F75 /* AppDelegate.swift */ = {isa = PBXFileReference; lastKnownFileType = sourcecode.swift; path = AppDelegate.swift; sourceTree = "<group>"; };
		44899B9F1A9CEE8F00A10F75 /* ViewController.swift */ = {isa = PBXFileReference; lastKnownFileType = sourcecode.swift; path = ViewController.swift; sourceTree = "<group>"; };
		44899BA21A9CEE8F00A10F75 /* Base */ = {isa = PBXFileReference; lastKnownFileType = file.storyboard; name = Base; path = Base.lproj/Main.storyboard; sourceTree = "<group>"; };
		44899BA41A9CEE8F00A10F75 /* Images.xcassets */ = {isa = PBXFileReference; lastKnownFileType = folder.assetcatalog; path = Images.xcassets; sourceTree = "<group>"; };
		44899BA71A9CEE8F00A10F75 /* Base */ = {isa = PBXFileReference; lastKnownFileType = file.xib; name = Base; path = Base.lproj/LaunchScreen.xib; sourceTree = "<group>"; };
		44899BAD1A9CEE8F00A10F75 /* cookToDoTests.xctest */ = {isa = PBXFileReference; explicitFileType = wrapper.cfbundle; includeInIndex = 0; path = cookToDoTests.xctest; sourceTree = BUILT_PRODUCTS_DIR; };
		44899BB21A9CEE9000A10F75 /* Info.plist */ = {isa = PBXFileReference; lastKnownFileType = text.plist.xml; path = Info.plist; sourceTree = "<group>"; };
		44899BB31A9CEE9000A10F75 /* cookToDoTests.swift */ = {isa = PBXFileReference; lastKnownFileType = sourcecode.swift; path = cookToDoTests.swift; sourceTree = "<group>"; };
		44899BBD1A9CEFF300A10F75 /* ingredientsTableViewController.swift */ = {isa = PBXFileReference; fileEncoding = 4; lastKnownFileType = sourcecode.swift; path = ingredientsTableViewController.swift; sourceTree = "<group>"; };
		44899BC41A9CF28D00A10F75 /* SwiftData.swift */ = {isa = PBXFileReference; fileEncoding = 4; lastKnownFileType = sourcecode.swift; path = SwiftData.swift; sourceTree = "<group>"; };
		44899BC81A9CF29D00A10F75 /* HTMLDocument.swift */ = {isa = PBXFileReference; fileEncoding = 4; lastKnownFileType = sourcecode.swift; path = HTMLDocument.swift; sourceTree = "<group>"; };
		44899BC91A9CF29D00A10F75 /* HTMLNode.swift */ = {isa = PBXFileReference; fileEncoding = 4; lastKnownFileType = sourcecode.swift; path = HTMLNode.swift; sourceTree = "<group>"; };
		44899BCA1A9CF29D00A10F75 /* HTMLNode+XPath.swift */ = {isa = PBXFileReference; fileEncoding = 4; lastKnownFileType = sourcecode.swift; path = "HTMLNode+XPath.swift"; sourceTree = "<group>"; };
		44899BCE1A9CF2BE00A10F75 /* libsqlite3.dylib */ = {isa = PBXFileReference; lastKnownFileType = "compiled.mach-o.dylib"; name = libsqlite3.dylib; path = usr/lib/libsqlite3.dylib; sourceTree = SDKROOT; };
		44899BD01A9CF2C400A10F75 /* libxml2.dylib */ = {isa = PBXFileReference; lastKnownFileType = "compiled.mach-o.dylib"; name = libxml2.dylib; path = usr/lib/libxml2.dylib; sourceTree = SDKROOT; };
		44899BD21A9CF49100A10F75 /* cookToDo-Bridging-Header.h */ = {isa = PBXFileReference; fileEncoding = 4; lastKnownFileType = sourcecode.c.h; path = "cookToDo-Bridging-Header.h"; sourceTree = "<group>"; };
		44899BD31A9CF4CD00A10F75 /* Ingredient.swift */ = {isa = PBXFileReference; fileEncoding = 4; lastKnownFileType = sourcecode.swift; path = Ingredient.swift; sourceTree = "<group>"; };
		44899BD71A9CF5B900A10F75 /* IngredientModel.swift */ = {isa = PBXFileReference; fileEncoding = 4; lastKnownFileType = sourcecode.swift; path = IngredientModel.swift; sourceTree = "<group>"; };
		44BC53991A9DBC7E00221195 /* importIngredient.appex */ = {isa = PBXFileReference; explicitFileType = "wrapper.app-extension"; includeInIndex = 0; path = importIngredient.appex; sourceTree = BUILT_PRODUCTS_DIR; };
		44BC539C1A9DBC7E00221195 /* Info.plist */ = {isa = PBXFileReference; lastKnownFileType = text.plist.xml; path = Info.plist; sourceTree = "<group>"; };
		44BC539D1A9DBC7E00221195 /* ShareViewController.swift */ = {isa = PBXFileReference; lastKnownFileType = sourcecode.swift; path = ShareViewController.swift; sourceTree = "<group>"; };
		44BC539F1A9DBC7E00221195 /* MainInterface.storyboard */ = {isa = PBXFileReference; lastKnownFileType = file.storyboard; path = MainInterface.storyboard; sourceTree = "<group>"; };
		44BC53A81A9DC18A00221195 /* cookToDo.entitlements */ = {isa = PBXFileReference; lastKnownFileType = text.xml; path = cookToDo.entitlements; sourceTree = "<group>"; };
		44BC53A91A9DC19800221195 /* importIngredient.entitlements */ = {isa = PBXFileReference; lastKnownFileType = text.xml; path = importIngredient.entitlements; sourceTree = "<group>"; };
/* End PBXFileReference section */

/* Begin PBXFrameworksBuildPhase section */
		44899B951A9CEE8F00A10F75 /* Frameworks */ = {
			isa = PBXFrameworksBuildPhase;
			buildActionMask = 2147483647;
			files = (
				44899BD11A9CF2C400A10F75 /* libxml2.dylib in Frameworks */,
				44899BCF1A9CF2BE00A10F75 /* libsqlite3.dylib in Frameworks */,
			);
			runOnlyForDeploymentPostprocessing = 0;
		};
		44899BAA1A9CEE8F00A10F75 /* Frameworks */ = {
			isa = PBXFrameworksBuildPhase;
			buildActionMask = 2147483647;
			files = (
			);
			runOnlyForDeploymentPostprocessing = 0;
		};
		44BC53961A9DBC7E00221195 /* Frameworks */ = {
			isa = PBXFrameworksBuildPhase;
			buildActionMask = 2147483647;
			files = (
			);
			runOnlyForDeploymentPostprocessing = 0;
		};
/* End PBXFrameworksBuildPhase section */

/* Begin PBXGroup section */
		44899B8F1A9CEE8F00A10F75 = {
			isa = PBXGroup;
			children = (
				44899BD01A9CF2C400A10F75 /* libxml2.dylib */,
				44899BCE1A9CF2BE00A10F75 /* libsqlite3.dylib */,
				44899BD21A9CF49100A10F75 /* cookToDo-Bridging-Header.h */,
				44899B9A1A9CEE8F00A10F75 /* cookToDo */,
				44899BB01A9CEE9000A10F75 /* cookToDoTests */,
				44BC539A1A9DBC7E00221195 /* importIngredient */,
				44899B991A9CEE8F00A10F75 /* Products */,
			);
			sourceTree = "<group>";
		};
		44899B991A9CEE8F00A10F75 /* Products */ = {
			isa = PBXGroup;
			children = (
				44899B981A9CEE8F00A10F75 /* cookToDo.app */,
				44899BAD1A9CEE8F00A10F75 /* cookToDoTests.xctest */,
				44BC53991A9DBC7E00221195 /* importIngredient.appex */,
			);
			name = Products;
			sourceTree = "<group>";
		};
		44899B9A1A9CEE8F00A10F75 /* cookToDo */ = {
			isa = PBXGroup;
			children = (
				44BC53A81A9DC18A00221195 /* cookToDo.entitlements */,
				44899B9D1A9CEE8F00A10F75 /* AppDelegate.swift */,
				44899B9F1A9CEE8F00A10F75 /* ViewController.swift */,
				44899BA11A9CEE8F00A10F75 /* Main.storyboard */,
				44899BD31A9CF4CD00A10F75 /* Ingredient.swift */,
				44899BD71A9CF5B900A10F75 /* IngredientModel.swift */,
				44899BC81A9CF29D00A10F75 /* HTMLDocument.swift */,
				44899BC91A9CF29D00A10F75 /* HTMLNode.swift */,
				44899BCA1A9CF29D00A10F75 /* HTMLNode+XPath.swift */,
				44899BC41A9CF28D00A10F75 /* SwiftData.swift */,
				44899BBD1A9CEFF300A10F75 /* ingredientsTableViewController.swift */,
				44899BA41A9CEE8F00A10F75 /* Images.xcassets */,
				44899BA61A9CEE8F00A10F75 /* LaunchScreen.xib */,
				44899B9B1A9CEE8F00A10F75 /* Supporting Files */,
			);
			path = cookToDo;
			sourceTree = "<group>";
		};
		44899B9B1A9CEE8F00A10F75 /* Supporting Files */ = {
			isa = PBXGroup;
			children = (
				44899B9C1A9CEE8F00A10F75 /* Info.plist */,
			);
			name = "Supporting Files";
			sourceTree = "<group>";
		};
		44899BB01A9CEE9000A10F75 /* cookToDoTests */ = {
			isa = PBXGroup;
			children = (
				44899BB31A9CEE9000A10F75 /* cookToDoTests.swift */,
				44899BB11A9CEE9000A10F75 /* Supporting Files */,
			);
			path = cookToDoTests;
			sourceTree = "<group>";
		};
		44899BB11A9CEE9000A10F75 /* Supporting Files */ = {
			isa = PBXGroup;
			children = (
				44899BB21A9CEE9000A10F75 /* Info.plist */,
			);
			name = "Supporting Files";
			sourceTree = "<group>";
		};
		44BC539A1A9DBC7E00221195 /* importIngredient */ = {
			isa = PBXGroup;
			children = (
				44BC53A91A9DC19800221195 /* importIngredient.entitlements */,
				44BC539D1A9DBC7E00221195 /* ShareViewController.swift */,
				44BC539F1A9DBC7E00221195 /* MainInterface.storyboard */,
				44BC539B1A9DBC7E00221195 /* Supporting Files */,
			);
			path = importIngredient;
			sourceTree = "<group>";
		};
		44BC539B1A9DBC7E00221195 /* Supporting Files */ = {
			isa = PBXGroup;
			children = (
				44BC539C1A9DBC7E00221195 /* Info.plist */,
			);
			name = "Supporting Files";
			sourceTree = "<group>";
		};
/* End PBXGroup section */

/* Begin PBXNativeTarget section */
		44899B971A9CEE8F00A10F75 /* cookToDo */ = {
			isa = PBXNativeTarget;
			buildConfigurationList = 44899BB71A9CEE9000A10F75 /* Build configuration list for PBXNativeTarget "cookToDo" */;
			buildPhases = (
				44899B941A9CEE8F00A10F75 /* Sources */,
				44899B951A9CEE8F00A10F75 /* Frameworks */,
				44899B961A9CEE8F00A10F75 /* Resources */,
				44BC53941A9DB4DE00221195 /* Embed App Extensions */,
			);
			buildRules = (
			);
			dependencies = (
				44BC53A21A9DBC7E00221195 /* PBXTargetDependency */,
			);
			name = cookToDo;
			productName = cookToDo;
			productReference = 44899B981A9CEE8F00A10F75 /* cookToDo.app */;
			productType = "com.apple.product-type.application";
		};
		44899BAC1A9CEE8F00A10F75 /* cookToDoTests */ = {
			isa = PBXNativeTarget;
			buildConfigurationList = 44899BBA1A9CEE9000A10F75 /* Build configuration list for PBXNativeTarget "cookToDoTests" */;
			buildPhases = (
				44899BA91A9CEE8F00A10F75 /* Sources */,
				44899BAA1A9CEE8F00A10F75 /* Frameworks */,
				44899BAB1A9CEE8F00A10F75 /* Resources */,
			);
			buildRules = (
			);
			dependencies = (
				44899BAF1A9CEE8F00A10F75 /* PBXTargetDependency */,
			);
			name = cookToDoTests;
			productName = cookToDoTests;
			productReference = 44899BAD1A9CEE8F00A10F75 /* cookToDoTests.xctest */;
			productType = "com.apple.product-type.bundle.unit-test";
		};
		44BC53981A9DBC7E00221195 /* importIngredient */ = {
			isa = PBXNativeTarget;
			buildConfigurationList = 44BC53A41A9DBC7E00221195 /* Build configuration list for PBXNativeTarget "importIngredient" */;
			buildPhases = (
				44BC53951A9DBC7E00221195 /* Sources */,
				44BC53961A9DBC7E00221195 /* Frameworks */,
				44BC53971A9DBC7E00221195 /* Resources */,
			);
			buildRules = (
			);
			dependencies = (
			);
			name = importIngredient;
			productName = importIngredient;
			productReference = 44BC53991A9DBC7E00221195 /* importIngredient.appex */;
			productType = "com.apple.product-type.app-extension";
		};
/* End PBXNativeTarget section */

/* Begin PBXProject section */
		44899B901A9CEE8F00A10F75 /* Project object */ = {
			isa = PBXProject;
			attributes = {
				LastUpgradeCheck = 0610;
				ORGANIZATIONNAME = SonicGarden;
				TargetAttributes = {
					44899B971A9CEE8F00A10F75 = {
						CreatedOnToolsVersion = 6.1.1;
						DevelopmentTeam = ZZ47U4PG3J;
						SystemCapabilities = {
							com.apple.ApplicationGroups.iOS = {
								enabled = 1;
							};
							com.apple.Keychain = {
								enabled = 0;
							};
						};
					};
					44899BAC1A9CEE8F00A10F75 = {
						CreatedOnToolsVersion = 6.1.1;
						TestTargetID = 44899B971A9CEE8F00A10F75;
					};
					44BC53981A9DBC7E00221195 = {
						CreatedOnToolsVersion = 6.1.1;
						DevelopmentTeam = ZZ47U4PG3J;
						SystemCapabilities = {
							com.apple.ApplicationGroups.iOS = {
								enabled = 1;
							};
							com.apple.Keychain = {
								enabled = 0;
							};
						};
					};
				};
			};
			buildConfigurationList = 44899B931A9CEE8F00A10F75 /* Build configuration list for PBXProject "cookToDo" */;
			compatibilityVersion = "Xcode 3.2";
			developmentRegion = English;
			hasScannedForEncodings = 0;
			knownRegions = (
				en,
				Base,
			);
			mainGroup = 44899B8F1A9CEE8F00A10F75;
			productRefGroup = 44899B991A9CEE8F00A10F75 /* Products */;
			projectDirPath = "";
			projectRoot = "";
			targets = (
				44899B971A9CEE8F00A10F75 /* cookToDo */,
				44899BAC1A9CEE8F00A10F75 /* cookToDoTests */,
				44BC53981A9DBC7E00221195 /* importIngredient */,
			);
		};
/* End PBXProject section */

/* Begin PBXResourcesBuildPhase section */
		44899B961A9CEE8F00A10F75 /* Resources */ = {
			isa = PBXResourcesBuildPhase;
			buildActionMask = 2147483647;
			files = (
				44899BA31A9CEE8F00A10F75 /* Main.storyboard in Resources */,
				44899BA81A9CEE8F00A10F75 /* LaunchScreen.xib in Resources */,
				44899BA51A9CEE8F00A10F75 /* Images.xcassets in Resources */,
			);
			runOnlyForDeploymentPostprocessing = 0;
		};
		44899BAB1A9CEE8F00A10F75 /* Resources */ = {
			isa = PBXResourcesBuildPhase;
			buildActionMask = 2147483647;
			files = (
			);
			runOnlyForDeploymentPostprocessing = 0;
		};
		44BC53971A9DBC7E00221195 /* Resources */ = {
			isa = PBXResourcesBuildPhase;
			buildActionMask = 2147483647;
			files = (
				44BC53A01A9DBC7E00221195 /* MainInterface.storyboard in Resources */,
			);
			runOnlyForDeploymentPostprocessing = 0;
		};
/* End PBXResourcesBuildPhase section */

/* Begin PBXSourcesBuildPhase section */
		44899B941A9CEE8F00A10F75 /* Sources */ = {
			isa = PBXSourcesBuildPhase;
			buildActionMask = 2147483647;
			files = (
				44899BA01A9CEE8F00A10F75 /* ViewController.swift in Sources */,
				44899BCD1A9CF29D00A10F75 /* HTMLNode+XPath.swift in Sources */,
				44899B9E1A9CEE8F00A10F75 /* AppDelegate.swift in Sources */,
				44899BCB1A9CF29D00A10F75 /* HTMLDocument.swift in Sources */,
				44899BD41A9CF4CD00A10F75 /* Ingredient.swift in Sources */,
				44899BBE1A9CEFF300A10F75 /* ingredientsTableViewController.swift in Sources */,
				44899BD81A9CF5B900A10F75 /* IngredientModel.swift in Sources */,
				44899BCC1A9CF29D00A10F75 /* HTMLNode.swift in Sources */,
				44899BC61A9CF28D00A10F75 /* SwiftData.swift in Sources */,
			);
			runOnlyForDeploymentPostprocessing = 0;
		};
		44899BA91A9CEE8F00A10F75 /* Sources */ = {
			isa = PBXSourcesBuildPhase;
			buildActionMask = 2147483647;
			files = (
				44899BB41A9CEE9000A10F75 /* cookToDoTests.swift in Sources */,
			);
			runOnlyForDeploymentPostprocessing = 0;
		};
		44BC53951A9DBC7E00221195 /* Sources */ = {
			isa = PBXSourcesBuildPhase;
			buildActionMask = 2147483647;
			files = (
				44BC539E1A9DBC7E00221195 /* ShareViewController.swift in Sources */,
			);
			runOnlyForDeploymentPostprocessing = 0;
		};
/* End PBXSourcesBuildPhase section */

/* Begin PBXTargetDependency section */
		44899BAF1A9CEE8F00A10F75 /* PBXTargetDependency */ = {
			isa = PBXTargetDependency;
			target = 44899B971A9CEE8F00A10F75 /* cookToDo */;
			targetProxy = 44899BAE1A9CEE8F00A10F75 /* PBXContainerItemProxy */;
		};
		44BC53A21A9DBC7E00221195 /* PBXTargetDependency */ = {
			isa = PBXTargetDependency;
			target = 44BC53981A9DBC7E00221195 /* importIngredient */;
			targetProxy = 44BC53A11A9DBC7E00221195 /* PBXContainerItemProxy */;
		};
/* End PBXTargetDependency section */

/* Begin PBXVariantGroup section */
		44899BA11A9CEE8F00A10F75 /* Main.storyboard */ = {
			isa = PBXVariantGroup;
			children = (
				44899BA21A9CEE8F00A10F75 /* Base */,
			);
			name = Main.storyboard;
			sourceTree = "<group>";
		};
		44899BA61A9CEE8F00A10F75 /* LaunchScreen.xib */ = {
			isa = PBXVariantGroup;
			children = (
				44899BA71A9CEE8F00A10F75 /* Base */,
			);
			name = LaunchScreen.xib;
			sourceTree = "<group>";
		};
/* End PBXVariantGroup section */

/* Begin XCBuildConfiguration section */
		44899BB51A9CEE9000A10F75 /* Debug */ = {
			isa = XCBuildConfiguration;
			buildSettings = {
				ALWAYS_SEARCH_USER_PATHS = NO;
				CLANG_CXX_LANGUAGE_STANDARD = "gnu++0x";
				CLANG_CXX_LIBRARY = "libc++";
				CLANG_ENABLE_MODULES = YES;
				CLANG_ENABLE_OBJC_ARC = YES;
				CLANG_WARN_BOOL_CONVERSION = YES;
				CLANG_WARN_CONSTANT_CONVERSION = YES;
				CLANG_WARN_DIRECT_OBJC_ISA_USAGE = YES_ERROR;
				CLANG_WARN_EMPTY_BODY = YES;
				CLANG_WARN_ENUM_CONVERSION = YES;
				CLANG_WARN_INT_CONVERSION = YES;
				CLANG_WARN_OBJC_ROOT_CLASS = YES_ERROR;
				CLANG_WARN_UNREACHABLE_CODE = YES;
				CLANG_WARN__DUPLICATE_METHOD_MATCH = YES;
				"CODE_SIGN_IDENTITY[sdk=iphoneos*]" = "iPhone Developer";
				COPY_PHASE_STRIP = NO;
				ENABLE_STRICT_OBJC_MSGSEND = YES;
				GCC_C_LANGUAGE_STANDARD = gnu99;
				GCC_DYNAMIC_NO_PIC = NO;
				GCC_OPTIMIZATION_LEVEL = 0;
				GCC_PREPROCESSOR_DEFINITIONS = (
					"DEBUG=1",
					"$(inherited)",
				);
				GCC_SYMBOLS_PRIVATE_EXTERN = NO;
				GCC_WARN_64_TO_32_BIT_CONVERSION = YES;
				GCC_WARN_ABOUT_RETURN_TYPE = YES_ERROR;
				GCC_WARN_UNDECLARED_SELECTOR = YES;
				GCC_WARN_UNINITIALIZED_AUTOS = YES_AGGRESSIVE;
				GCC_WARN_UNUSED_FUNCTION = YES;
				GCC_WARN_UNUSED_VARIABLE = YES;
				HEADER_SEARCH_PATHS = (
					"$(inherited)",
					/Applications/Xcode.app/Contents/Developer/Toolchains/XcodeDefault.xctoolchain/usr/include,
					$SDKROOT/usr/include/libxml2,
				);
				IPHONEOS_DEPLOYMENT_TARGET = 8.1;
				MTL_ENABLE_DEBUG_INFO = YES;
				ONLY_ACTIVE_ARCH = YES;
				OTHER_LDFLAGS = "-lxml2";
				SDKROOT = iphoneos;
				SWIFT_OPTIMIZATION_LEVEL = "-Onone";
			};
			name = Debug;
		};
		44899BB61A9CEE9000A10F75 /* Release */ = {
			isa = XCBuildConfiguration;
			buildSettings = {
				ALWAYS_SEARCH_USER_PATHS = NO;
				CLANG_CXX_LANGUAGE_STANDARD = "gnu++0x";
				CLANG_CXX_LIBRARY = "libc++";
				CLANG_ENABLE_MODULES = YES;
				CLANG_ENABLE_OBJC_ARC = YES;
				CLANG_WARN_BOOL_CONVERSION = YES;
				CLANG_WARN_CONSTANT_CONVERSION = YES;
				CLANG_WARN_DIRECT_OBJC_ISA_USAGE = YES_ERROR;
				CLANG_WARN_EMPTY_BODY = YES;
				CLANG_WARN_ENUM_CONVERSION = YES;
				CLANG_WARN_INT_CONVERSION = YES;
				CLANG_WARN_OBJC_ROOT_CLASS = YES_ERROR;
				CLANG_WARN_UNREACHABLE_CODE = YES;
				CLANG_WARN__DUPLICATE_METHOD_MATCH = YES;
				"CODE_SIGN_IDENTITY[sdk=iphoneos*]" = "iPhone Developer";
				COPY_PHASE_STRIP = YES;
				ENABLE_NS_ASSERTIONS = NO;
				ENABLE_STRICT_OBJC_MSGSEND = YES;
				GCC_C_LANGUAGE_STANDARD = gnu99;
				GCC_WARN_64_TO_32_BIT_CONVERSION = YES;
				GCC_WARN_ABOUT_RETURN_TYPE = YES_ERROR;
				GCC_WARN_UNDECLARED_SELECTOR = YES;
				GCC_WARN_UNINITIALIZED_AUTOS = YES_AGGRESSIVE;
				GCC_WARN_UNUSED_FUNCTION = YES;
				GCC_WARN_UNUSED_VARIABLE = YES;
				HEADER_SEARCH_PATHS = (
					"$(inherited)",
					/Applications/Xcode.app/Contents/Developer/Toolchains/XcodeDefault.xctoolchain/usr/include,
					$SDKROOT/usr/include/libxml2,
				);
				IPHONEOS_DEPLOYMENT_TARGET = 8.1;
				MTL_ENABLE_DEBUG_INFO = NO;
				OTHER_LDFLAGS = "-lxml2";
				SDKROOT = iphoneos;
				VALIDATE_PRODUCT = YES;
			};
			name = Release;
		};
		44899BB81A9CEE9000A10F75 /* Debug */ = {
			isa = XCBuildConfiguration;
			buildSettings = {
				ASSETCATALOG_COMPILER_APPICON_NAME = AppIcon;
				CODE_SIGN_ENTITLEMENTS = cookToDo/cookToDo.entitlements;
				CODE_SIGN_IDENTITY = "iPhone Developer";
				"CODE_SIGN_IDENTITY[sdk=iphoneos*]" = "iPhone Developer";
				EMBEDDED_CONTENT_CONTAINS_SWIFT = YES;
				INFOPLIST_FILE = cookToDo/Info.plist;
				LD_RUNPATH_SEARCH_PATHS = "$(inherited) @executable_path/Frameworks";
				PRODUCT_NAME = "$(TARGET_NAME)";
				PROVISIONING_PROFILE = "";
				SWIFT_OBJC_BRIDGING_HEADER = "cookToDo-Bridging-Header.h";
			};
			name = Debug;
		};
		44899BB91A9CEE9000A10F75 /* Release */ = {
			isa = XCBuildConfiguration;
			buildSettings = {
				ASSETCATALOG_COMPILER_APPICON_NAME = AppIcon;
				CODE_SIGN_ENTITLEMENTS = cookToDo/cookToDo.entitlements;
				CODE_SIGN_IDENTITY = "iPhone Developer";
				"CODE_SIGN_IDENTITY[sdk=iphoneos*]" = "iPhone Developer";
				EMBEDDED_CONTENT_CONTAINS_SWIFT = YES;
				INFOPLIST_FILE = cookToDo/Info.plist;
				LD_RUNPATH_SEARCH_PATHS = "$(inherited) @executable_path/Frameworks";
				PRODUCT_NAME = "$(TARGET_NAME)";
				PROVISIONING_PROFILE = "";
				SWIFT_OBJC_BRIDGING_HEADER = "cookToDo-Bridging-Header.h";
			};
			name = Release;
		};
		44899BBB1A9CEE9000A10F75 /* Debug */ = {
			isa = XCBuildConfiguration;
			buildSettings = {
				BUNDLE_LOADER = "$(TEST_HOST)";
				FRAMEWORK_SEARCH_PATHS = (
					"$(SDKROOT)/Developer/Library/Frameworks",
					"$(inherited)",
				);
				GCC_PREPROCESSOR_DEFINITIONS = (
					"DEBUG=1",
					"$(inherited)",
				);
				INFOPLIST_FILE = cookToDoTests/Info.plist;
				LD_RUNPATH_SEARCH_PATHS = "$(inherited) @executable_path/Frameworks @loader_path/Frameworks";
				PRODUCT_NAME = "$(TARGET_NAME)";
				TEST_HOST = "$(BUILT_PRODUCTS_DIR)/cookToDo.app/cookToDo";
			};
			name = Debug;
		};
		44899BBC1A9CEE9000A10F75 /* Release */ = {
			isa = XCBuildConfiguration;
			buildSettings = {
				BUNDLE_LOADER = "$(TEST_HOST)";
				FRAMEWORK_SEARCH_PATHS = (
					"$(SDKROOT)/Developer/Library/Frameworks",
					"$(inherited)",
				);
				INFOPLIST_FILE = cookToDoTests/Info.plist;
				LD_RUNPATH_SEARCH_PATHS = "$(inherited) @executable_path/Frameworks @loader_path/Frameworks";
				PRODUCT_NAME = "$(TARGET_NAME)";
				TEST_HOST = "$(BUILT_PRODUCTS_DIR)/cookToDo.app/cookToDo";
			};
			name = Release;
		};
		44BC53A51A9DBC7E00221195 /* Debug */ = {
			isa = XCBuildConfiguration;
			buildSettings = {
				CODE_SIGN_ENTITLEMENTS = importIngredient/importIngredient.entitlements;
				CODE_SIGN_IDENTITY = "iPhone Developer";
				"CODE_SIGN_IDENTITY[sdk=iphoneos*]" = "iPhone Developer";
				GCC_PREPROCESSOR_DEFINITIONS = (
					"DEBUG=1",
					"$(inherited)",
				);
				INFOPLIST_FILE = importIngredient/Info.plist;
				LD_RUNPATH_SEARCH_PATHS = "$(inherited) @executable_path/Frameworks @executable_path/../../Frameworks";
				PRODUCT_NAME = "$(TARGET_NAME)";
				PROVISIONING_PROFILE = "";
				SKIP_INSTALL = YES;
			};
			name = Debug;
		};
		44BC53A61A9DBC7E00221195 /* Release */ = {
			isa = XCBuildConfiguration;
			buildSettings = {
				CODE_SIGN_ENTITLEMENTS = importIngredient/importIngredient.entitlements;
				CODE_SIGN_IDENTITY = "iPhone Developer";
				"CODE_SIGN_IDENTITY[sdk=iphoneos*]" = "iPhone Developer";
				INFOPLIST_FILE = importIngredient/Info.plist;
				LD_RUNPATH_SEARCH_PATHS = "$(inherited) @executable_path/Frameworks @executable_path/../../Frameworks";
				PRODUCT_NAME = "$(TARGET_NAME)";
				PROVISIONING_PROFILE = "";
				SKIP_INSTALL = YES;
			};
			name = Release;
		};
/* End XCBuildConfiguration section */

/* Begin XCConfigurationList section */
		44899B931A9CEE8F00A10F75 /* Build configuration list for PBXProject "cookToDo" */ = {
			isa = XCConfigurationList;
			buildConfigurations = (
				44899BB51A9CEE9000A10F75 /* Debug */,
				44899BB61A9CEE9000A10F75 /* Release */,
			);
			defaultConfigurationIsVisible = 0;
			defaultConfigurationName = Release;
		};
		44899BB71A9CEE9000A10F75 /* Build configuration list for PBXNativeTarget "cookToDo" */ = {
			isa = XCConfigurationList;
			buildConfigurations = (
				44899BB81A9CEE9000A10F75 /* Debug */,
				44899BB91A9CEE9000A10F75 /* Release */,
			);
			defaultConfigurationIsVisible = 0;
			defaultConfigurationName = Release;
		};
		44899BBA1A9CEE9000A10F75 /* Build configuration list for PBXNativeTarget "cookToDoTests" */ = {
			isa = XCConfigurationList;
			buildConfigurations = (
				44899BBB1A9CEE9000A10F75 /* Debug */,
				44899BBC1A9CEE9000A10F75 /* Release */,
			);
			defaultConfigurationIsVisible = 0;
			defaultConfigurationName = Release;
		};
		44BC53A41A9DBC7E00221195 /* Build configuration list for PBXNativeTarget "importIngredient" */ = {
			isa = XCConfigurationList;
			buildConfigurations = (
				44BC53A51A9DBC7E00221195 /* Debug */,
				44BC53A61A9DBC7E00221195 /* Release */,
			);
			defaultConfigurationIsVisible = 0;
			defaultConfigurationName = Release;
		};
/* End XCConfigurationList section */
	};
	rootObject = 44899B901A9CEE8F00A10F75 /* Project object */;
}
